// !$*UTF8*$!
{
	archiveVersion = 1;
	classes = {
	};
	objectVersion = 50;
	objects = {

/* Begin PBXGroup section */
		79F7506D20F51B9C00B95D9E = {
			isa = PBXGroup;
			children = (
			);
			sourceTree = "<group>";
		};
/* End PBXGroup section */

/* Begin PBXProject section */
		79F7506E20F51B9C00B95D9E /* Project object */ = {
			isa = PBXProject;
			attributes = {
				LastUpgradeCheck = 0940;
			};
			buildConfigurationList = 79F7507120F51B9C00B95D9E /* Build configuration list for PBXProject "TenthFrameworkFactory" */;
			compatibilityVersion = "Xcode 9.3";
			developmentRegion = en;
			hasScannedForEncodings = 0;
			knownRegions = (
				en,
			);
			mainGroup = 79F7506D20F51B9C00B95D9E;
			projectDirPath = "";
			projectRoot = "";
			targets = (
			);
		};
/* End PBXProject section */

/* Begin XCBuildConfiguration section */
		79F7507220F51B9C00B95D9E /* Debug */ = {
			isa = XCBuildConfiguration;
			buildSettings = {
			};
			name = Debug;
		};
		79F7507320F51B9C00B95D9E /* Release */ = {
			isa = XCBuildConfiguration;
			buildSettings = {
			};
			name = Release;
		};
/* End XCBuildConfiguration section */

/* Begin XCConfigurationList section */
		79F7507120F51B9C00B95D9E /* Build configuration list for PBXProject "TenthFrameworkFactory" */ = {
			isa = XCConfigurationList;
			buildConfigurations = (
				79F7507220F51B9C00B95D9E /* Debug */,
				79F7507320F51B9C00B95D9E /* Release */,
			);
			defaultConfigurationIsVisible = 0;
			defaultConfigurationName = Release;
		};
/* End XCConfigurationList section */
	};
	rootObject = 79F7506E20F51B9C00B95D9E /* Project object */;
}
